
Microsoft Visual Studio Solution File, Format Version 12.00
# Visual Studio Version 16
VisualStudioVersion = 16.0.30002.166
MinimumVisualStudioVersion = 10.0.40219.1
Project("{FAE04EC0-301F-11D3-BF4B-00C04F79EFBC}") = "RemoteServer", "RemoteServer\RemoteServer.csproj", "{FFC3211E-AFB7-4840-B449-136AB521BC5D}"
EndProject
Global
	GlobalSection(SolutionConfigurationPlatforms) = preSolution
		Debug|ARM = Debug|ARM
		Debug|ARM64 = Debug|ARM64
		Debug|x64 = Debug|x64
		Debug|x86 = Debug|x86
		Release|ARM = Release|ARM
		Release|ARM64 = Release|ARM64
		Release|x64 = Release|x64
		Release|x86 = Release|x86
	EndGlobalSection
	GlobalSection(ProjectConfigurationPlatforms) = postSolution
		{FFC3211E-AFB7-4840-B449-136AB521BC5D}.Debug|ARM.ActiveCfg = Debug|ARM
		{FFC3211E-AFB7-4840-B449-136AB521BC5D}.Debug|ARM.Build.0 = Debug|ARM
		{FFC3211E-AFB7-4840-B449-136AB521BC5D}.Debug|ARM.Deploy.0 = Debug|ARM
		{FFC3211E-AFB7-4840-B449-136AB521BC5D}.Debug|ARM64.ActiveCfg = Debug|ARM64
		{FFC3211E-AFB7-4840-B449-136AB521BC5D}.Debug|ARM64.Build.0 = Debug|ARM64
		{FFC3211E-AFB7-4840-B449-136AB521BC5D}.Debug|ARM64.Deploy.0 = Debug|ARM64
		{FFC3211E-AFB7-4840-B449-136AB521BC5D}.Debug|x64.ActiveCfg = Debug|x64
		{FFC3211E-AFB7-4840-B449-136AB521BC5D}.Debug|x64.Build.0 = Debug|x64
		{FFC3211E-AFB7-4840-B449-136AB521BC5D}.Debug|x64.Deploy.0 = Debug|x64
		{FFC3211E-AFB7-4840-B449-136AB521BC5D}.Debug|x86.ActiveCfg = Debug|x86
		{FFC3211E-AFB7-4840-B449-136AB521BC5D}.Debug|x86.Build.0 = Debug|x86
		{FFC3211E-AFB7-4840-B449-136AB521BC5D}.Debug|x86.Deploy.0 = Debug|x86
		{FFC3211E-AFB7-4840-B449-136AB521BC5D}.Release|ARM.ActiveCfg = Release|ARM
		{FFC3211E-AFB7-4840-B449-136AB521BC5D}.Release|ARM.Build.0 = Release|ARM
		{FFC3211E-AFB7-4840-B449-136AB521BC5D}.Release|ARM.Deploy.0 = Release|ARM
		{FFC3211E-AFB7-4840-B449-136AB521BC5D}.Release|ARM64.ActiveCfg = Release|ARM64
		{FFC3211E-AFB7-4840-B449-136AB521BC5D}.Release|ARM64.Build.0 = Release|ARM64
		{FFC3211E-AFB7-4840-B449-136AB521BC5D}.Release|ARM64.Deploy.0 = Release|ARM64
		{FFC3211E-AFB7-4840-B449-136AB521BC5D}.Release|x64.ActiveCfg = Release|x64
		{FFC3211E-AFB7-4840-B449-136AB521BC5D}.Release|x64.Build.0 = Release|x64
		{FFC3211E-AFB7-4840-B449-136AB521BC5D}.Release|x64.Deploy.0 = Release|x64
		{FFC3211E-AFB7-4840-B449-136AB521BC5D}.Release|x86.ActiveCfg = Release|x86
		{FFC3211E-AFB7-4840-B449-136AB521BC5D}.Release|x86.Build.0 = Release|x86
		{FFC3211E-AFB7-4840-B449-136AB521BC5D}.Release|x86.Deploy.0 = Release|x86
	EndGlobalSection
	GlobalSection(SolutionProperties) = preSolution
		HideSolutionNode = FALSE
	EndGlobalSection
	GlobalSection(ExtensibilityGlobals) = postSolution
		SolutionGuid = {32AA8FC4-B974-4B89-A759-13AAA2A24367}
	EndGlobalSection
EndGlobal
